
Microsoft Visual Studio Solution File, Format Version 12.00
# Visual Studio Version 17
VisualStudioVersion = 17.13.35931.197
MinimumVisualStudioVersion = 10.0.40219.1
Project("{FAE04EC0-301F-11D3-BF4B-00C04F79EFBC}") = "UserService", "UserService\UserService.csproj", "{89114522-DA79-49D9-B751-B1B6D4573685}"
EndProject
Project("{FAE04EC0-301F-11D3-BF4B-00C04F79EFBC}") = "MyTest", "MyTest\MyTest.csproj", "{C6256FED-C6AB-4980-AB53-BF0A7237600F}"
EndProject
Global
	GlobalSection(SolutionConfigurationPlatforms) = preSolution
		Debug|Any CPU = Debug|Any CPU
		Release|Any CPU = Release|Any CPU
	EndGlobalSection
	GlobalSection(ProjectConfigurationPlatforms) = postSolution
		{89114522-DA79-49D9-B751-B1B6D4573685}.Debug|Any CPU.ActiveCfg = Debug|Any CPU
		{89114522-DA79-49D9-B751-B1B6D4573685}.Debug|Any CPU.Build.0 = Debug|Any CPU
		{89114522-DA79-49D9-B751-B1B6D4573685}.Release|Any CPU.ActiveCfg = Release|Any CPU
		{89114522-DA79-49D9-B751-B1B6D4573685}.Release|Any CPU.Build.0 = Release|Any CPU
		{C6256FED-C6AB-4980-AB53-BF0A7237600F}.Debug|Any CPU.ActiveCfg = Debug|Any CPU
		{C6256FED-C6AB-4980-AB53-BF0A7237600F}.Debug|Any CPU.Build.0 = Debug|Any CPU
		{C6256FED-C6AB-4980-AB53-BF0A7237600F}.Release|Any CPU.ActiveCfg = Release|Any CPU
		{C6256FED-C6AB-4980-AB53-BF0A7237600F}.Release|Any CPU.Build.0 = Release|Any CPU
	EndGlobalSection
	GlobalSection(SolutionProperties) = preSolution
		HideSolutionNode = FALSE
	EndGlobalSection
	GlobalSection(ExtensibilityGlobals) = postSolution
		SolutionGuid = {D02BD2A9-782F-4827-A911-D6678920D5B0}
	EndGlobalSection
EndGlobal
